// !$*UTF8*$!
{
	archiveVersion = 1;
	classes = {
	};
	objectVersion = 50;
	objects = {

/* Begin PBXBuildFile section */
		5B1F8290218849D800FFE07D /* AppDelegate.swift in Sources */ = {isa = PBXBuildFile; fileRef = 5B1F828F218849D800FFE07D /* AppDelegate.swift */; };
		5B1F8292218849D800FFE07D /* MoviesViewController.swift in Sources */ = {isa = PBXBuildFile; fileRef = 5B1F8291218849D800FFE07D /* MoviesViewController.swift */; };
		5B1F8295218849D800FFE07D /* Main.storyboard in Resources */ = {isa = PBXBuildFile; fileRef = 5B1F8293218849D800FFE07D /* Main.storyboard */; };
		5B1F8297218849DA00FFE07D /* Assets.xcassets in Resources */ = {isa = PBXBuildFile; fileRef = 5B1F8296218849DA00FFE07D /* Assets.xcassets */; };
		5B1F829A218849DA00FFE07D /* LaunchScreen.storyboard in Resources */ = {isa = PBXBuildFile; fileRef = 5B1F8298218849DA00FFE07D /* LaunchScreen.storyboard */; };
		5B1F82A221884A2F00FFE07D /* Service.swift in Sources */ = {isa = PBXBuildFile; fileRef = 5B1F82A121884A2F00FFE07D /* Service.swift */; };
		5B1F82A42188682A00FFE07D /* Movie.swift in Sources */ = {isa = PBXBuildFile; fileRef = 5B1F82A32188682A00FFE07D /* Movie.swift */; };
		5B1F82A6218886C500FFE07D /* MovieResponse.swift in Sources */ = {isa = PBXBuildFile; fileRef = 5B1F82A5218886C500FFE07D /* MovieResponse.swift */; };
		5B1F82A82188950A00FFE07D /* MovieTableViewCell.swift in Sources */ = {isa = PBXBuildFile; fileRef = 5B1F82A72188950A00FFE07D /* MovieTableViewCell.swift */; };
/* End PBXBuildFile section */

/* Begin PBXFileReference section */
		5B1F828C218849D800FFE07D /* Movies.app */ = {isa = PBXFileReference; explicitFileType = wrapper.application; includeInIndex = 0; path = Movies.app; sourceTree = BUILT_PRODUCTS_DIR; };
		5B1F828F218849D800FFE07D /* AppDelegate.swift */ = {isa = PBXFileReference; lastKnownFileType = sourcecode.swift; path = AppDelegate.swift; sourceTree = "<group>"; };
		5B1F8291218849D800FFE07D /* MoviesViewController.swift */ = {isa = PBXFileReference; lastKnownFileType = sourcecode.swift; path = MoviesViewController.swift; sourceTree = "<group>"; };
		5B1F8294218849D800FFE07D /* Base */ = {isa = PBXFileReference; lastKnownFileType = file.storyboard; name = Base; path = Base.lproj/Main.storyboard; sourceTree = "<group>"; };
		5B1F8296218849DA00FFE07D /* Assets.xcassets */ = {isa = PBXFileReference; lastKnownFileType = folder.assetcatalog; path = Assets.xcassets; sourceTree = "<group>"; };
		5B1F8299218849DA00FFE07D /* Base */ = {isa = PBXFileReference; lastKnownFileType = file.storyboard; name = Base; path = Base.lproj/LaunchScreen.storyboard; sourceTree = "<group>"; };
		5B1F829B218849DA00FFE07D /* Info.plist */ = {isa = PBXFileReference; lastKnownFileType = text.plist.xml; path = Info.plist; sourceTree = "<group>"; };
		5B1F82A121884A2F00FFE07D /* Service.swift */ = {isa = PBXFileReference; lastKnownFileType = sourcecode.swift; path = Service.swift; sourceTree = "<group>"; };
		5B1F82A32188682A00FFE07D /* Movie.swift */ = {isa = PBXFileReference; lastKnownFileType = sourcecode.swift; path = Movie.swift; sourceTree = "<group>"; };
		5B1F82A5218886C500FFE07D /* MovieResponse.swift */ = {isa = PBXFileReference; lastKnownFileType = sourcecode.swift; path = MovieResponse.swift; sourceTree = "<group>"; };
		5B1F82A72188950A00FFE07D /* MovieTableViewCell.swift */ = {isa = PBXFileReference; lastKnownFileType = sourcecode.swift; path = MovieTableViewCell.swift; sourceTree = "<group>"; };
/* End PBXFileReference section */

/* Begin PBXFrameworksBuildPhase section */
		5B1F8289218849D800FFE07D /* Frameworks */ = {
			isa = PBXFrameworksBuildPhase;
			buildActionMask = 2147483647;
			files = (
			);
			runOnlyForDeploymentPostprocessing = 0;
		};
/* End PBXFrameworksBuildPhase section */

/* Begin PBXGroup section */
		5B1F8283218849D800FFE07D = {
			isa = PBXGroup;
			children = (
				5B1F828E218849D800FFE07D /* Movies */,
				5B1F828D218849D800FFE07D /* Products */,
			);
			sourceTree = "<group>";
		};
		5B1F828D218849D800FFE07D /* Products */ = {
			isa = PBXGroup;
			children = (
				5B1F828C218849D800FFE07D /* Movies.app */,
			);
			name = Products;
			sourceTree = "<group>";
		};
		5B1F828E218849D800FFE07D /* Movies */ = {
			isa = PBXGroup;
			children = (
				5B1F82AA2188AC2D00FFE07D /* Resources */,
				5B1F82A92188AC1900FFE07D /* Storyboards */,
				5B1F828F218849D800FFE07D /* AppDelegate.swift */,
				5B1F82A32188682A00FFE07D /* Movie.swift */,
				5B1F82A5218886C500FFE07D /* MovieResponse.swift */,
				5B1F82A72188950A00FFE07D /* MovieTableViewCell.swift */,
				5B1F8291218849D800FFE07D /* MoviesViewController.swift */,
				5B1F82A121884A2F00FFE07D /* Service.swift */,
			);
			path = Movies;
			sourceTree = "<group>";
		};
		5B1F82A92188AC1900FFE07D /* Storyboards */ = {
			isa = PBXGroup;
			children = (
				5B1F8293218849D800FFE07D /* Main.storyboard */,
				5B1F8298218849DA00FFE07D /* LaunchScreen.storyboard */,
			);
			path = Storyboards;
			sourceTree = "<group>";
		};
		5B1F82AA2188AC2D00FFE07D /* Resources */ = {
			isa = PBXGroup;
			children = (
				5B1F8296218849DA00FFE07D /* Assets.xcassets */,
				5B1F829B218849DA00FFE07D /* Info.plist */,
			);
			path = Resources;
			sourceTree = "<group>";
		};
/* End PBXGroup section */

/* Begin PBXNativeTarget section */
		5B1F828B218849D800FFE07D /* Movies */ = {
			isa = PBXNativeTarget;
			buildConfigurationList = 5B1F829E218849DA00FFE07D /* Build configuration list for PBXNativeTarget "Movies" */;
			buildPhases = (
				5B1F8288218849D800FFE07D /* Sources */,
				5B1F8289218849D800FFE07D /* Frameworks */,
				5B1F828A218849D800FFE07D /* Resources */,
			);
			buildRules = (
			);
			dependencies = (
			);
			name = Movies;
			productName = Movies;
			productReference = 5B1F828C218849D800FFE07D /* Movies.app */;
			productType = "com.apple.product-type.application";
		};
/* End PBXNativeTarget section */

/* Begin PBXProject section */
		5B1F8284218849D800FFE07D /* Project object */ = {
			isa = PBXProject;
			attributes = {
				LastSwiftUpdateCheck = 1000;
				LastUpgradeCheck = 1000;
				ORGANIZATIONNAME = "Martin Mungai";
				TargetAttributes = {
					5B1F828B218849D800FFE07D = {
						CreatedOnToolsVersion = 10.0;
					};
				};
			};
			buildConfigurationList = 5B1F8287218849D800FFE07D /* Build configuration list for PBXProject "Movies" */;
			compatibilityVersion = "Xcode 9.3";
			developmentRegion = en;
			hasScannedForEncodings = 0;
			knownRegions = (
				en,
				Base,
			);
			mainGroup = 5B1F8283218849D800FFE07D;
			productRefGroup = 5B1F828D218849D800FFE07D /* Products */;
			projectDirPath = "";
			projectRoot = "";
			targets = (
				5B1F828B218849D800FFE07D /* Movies */,
			);
		};
/* End PBXProject section */

/* Begin PBXResourcesBuildPhase section */
		5B1F828A218849D800FFE07D /* Resources */ = {
			isa = PBXResourcesBuildPhase;
			buildActionMask = 2147483647;
			files = (
				5B1F829A218849DA00FFE07D /* LaunchScreen.storyboard in Resources */,
				5B1F8297218849DA00FFE07D /* Assets.xcassets in Resources */,
				5B1F8295218849D800FFE07D /* Main.storyboard in Resources */,
			);
			runOnlyForDeploymentPostprocessing = 0;
		};
/* End PBXResourcesBuildPhase section */

/* Begin PBXSourcesBuildPhase section */
		5B1F8288218849D800FFE07D /* Sources */ = {
			isa = PBXSourcesBuildPhase;
			buildActionMask = 2147483647;
			files = (
				5B1F8292218849D800FFE07D /* MoviesViewController.swift in Sources */,
				5B1F82A6218886C500FFE07D /* MovieResponse.swift in Sources */,
				5B1F82A82188950A00FFE07D /* MovieTableViewCell.swift in Sources */,
				5B1F8290218849D800FFE07D /* AppDelegate.swift in Sources */,
				5B1F82A42188682A00FFE07D /* Movie.swift in Sources */,
				5B1F82A221884A2F00FFE07D /* Service.swift in Sources */,
			);
			runOnlyForDeploymentPostprocessing = 0;
		};
/* End PBXSourcesBuildPhase section */

/* Begin PBXVariantGroup section */
		5B1F8293218849D800FFE07D /* Main.storyboard */ = {
			isa = PBXVariantGroup;
			children = (
				5B1F8294218849D800FFE07D /* Base */,
			);
			name = Main.storyboard;
			sourceTree = "<group>";
		};
		5B1F8298218849DA00FFE07D /* LaunchScreen.storyboard */ = {
			isa = PBXVariantGroup;
			children = (
				5B1F8299218849DA00FFE07D /* Base */,
			);
			name = LaunchScreen.storyboard;
			sourceTree = "<group>";
		};
/* End PBXVariantGroup section */

/* Begin XCBuildConfiguration section */
		5B1F829C218849DA00FFE07D /* Debug */ = {
			isa = XCBuildConfiguration;
			buildSettings = {
				ALWAYS_SEARCH_USER_PATHS = NO;
				CLANG_ANALYZER_NONNULL = YES;
				CLANG_ANALYZER_NUMBER_OBJECT_CONVERSION = YES_AGGRESSIVE;
				CLANG_CXX_LANGUAGE_STANDARD = "gnu++14";
				CLANG_CXX_LIBRARY = "libc++";
				CLANG_ENABLE_MODULES = YES;
				CLANG_ENABLE_OBJC_ARC = YES;
				CLANG_ENABLE_OBJC_WEAK = YES;
				CLANG_WARN_BLOCK_CAPTURE_AUTORELEASING = YES;
				CLANG_WARN_BOOL_CONVERSION = YES;
				CLANG_WARN_COMMA = YES;
				CLANG_WARN_CONSTANT_CONVERSION = YES;
				CLANG_WARN_DEPRECATED_OBJC_IMPLEMENTATIONS = YES;
				CLANG_WARN_DIRECT_OBJC_ISA_USAGE = YES_ERROR;
				CLANG_WARN_DOCUMENTATION_COMMENTS = YES;
				CLANG_WARN_EMPTY_BODY = YES;
				CLANG_WARN_ENUM_CONVERSION = YES;
				CLANG_WARN_INFINITE_RECURSION = YES;
				CLANG_WARN_INT_CONVERSION = YES;
				CLANG_WARN_NON_LITERAL_NULL_CONVERSION = YES;
				CLANG_WARN_OBJC_IMPLICIT_RETAIN_SELF = YES;
				CLANG_WARN_OBJC_LITERAL_CONVERSION = YES;
				CLANG_WARN_OBJC_ROOT_CLASS = YES_ERROR;
				CLANG_WARN_RANGE_LOOP_ANALYSIS = YES;
				CLANG_WARN_STRICT_PROTOTYPES = YES;
				CLANG_WARN_SUSPICIOUS_MOVE = YES;
				CLANG_WARN_UNGUARDED_AVAILABILITY = YES_AGGRESSIVE;
				CLANG_WARN_UNREACHABLE_CODE = YES;
				CLANG_WARN__DUPLICATE_METHOD_MATCH = YES;
				CODE_SIGN_IDENTITY = "iPhone Developer";
				COPY_PHASE_STRIP = NO;
				DEBUG_INFORMATION_FORMAT = dwarf;
				ENABLE_STRICT_OBJC_MSGSEND = YES;
				ENABLE_TESTABILITY = YES;
				GCC_C_LANGUAGE_STANDARD = gnu11;
				GCC_DYNAMIC_NO_PIC = NO;
				GCC_NO_COMMON_BLOCKS = YES;
				GCC_OPTIMIZATION_LEVEL = 0;
				GCC_PREPROCESSOR_DEFINITIONS = (
					"DEBUG=1",
					"$(inherited)",
				);
				GCC_WARN_64_TO_32_BIT_CONVERSION = YES;
				GCC_WARN_ABOUT_RETURN_TYPE = YES_ERROR;
				GCC_WARN_UNDECLARED_SELECTOR = YES;
				GCC_WARN_UNINITIALIZED_AUTOS = YES_AGGRESSIVE;
				GCC_WARN_UNUSED_FUNCTION = YES;
				GCC_WARN_UNUSED_VARIABLE = YES;
				IPHONEOS_DEPLOYMENT_TARGET = 12.0;
				MTL_ENABLE_DEBUG_INFO = INCLUDE_SOURCE;
				MTL_FAST_MATH = YES;
				ONLY_ACTIVE_ARCH = YES;
				SDKROOT = iphoneos;
				SWIFT_ACTIVE_COMPILATION_CONDITIONS = DEBUG;
				SWIFT_OPTIMIZATION_LEVEL = "-Onone";
			};
			name = Debug;
		};
		5B1F829D218849DA00FFE07D /* Release */ = {
			isa = XCBuildConfiguration;
			buildSettings = {
				ALWAYS_SEARCH_USER_PATHS = NO;
				CLANG_ANALYZER_NONNULL = YES;
				CLANG_ANALYZER_NUMBER_OBJECT_CONVERSION = YES_AGGRESSIVE;
				CLANG_CXX_LANGUAGE_STANDARD = "gnu++14";
				CLANG_CXX_LIBRARY = "libc++";
				CLANG_ENABLE_MODULES = YES;
				CLANG_ENABLE_OBJC_ARC = YES;
				CLANG_ENABLE_OBJC_WEAK = YES;
				CLANG_WARN_BLOCK_CAPTURE_AUTORELEASING = YES;
				CLANG_WARN_BOOL_CONVERSION = YES;
				CLANG_WARN_COMMA = YES;
				CLANG_WARN_CONSTANT_CONVERSION = YES;
				CLANG_WARN_DEPRECATED_OBJC_IMPLEMENTATIONS = YES;
				CLANG_WARN_DIRECT_OBJC_ISA_USAGE = YES_ERROR;
				CLANG_WARN_DOCUMENTATION_COMMENTS = YES;
				CLANG_WARN_EMPTY_BODY = YES;
				CLANG_WARN_ENUM_CONVERSION = YES;
				CLANG_WARN_INFINITE_RECURSION = YES;
				CLANG_WARN_INT_CONVERSION = YES;
				CLANG_WARN_NON_LITERAL_NULL_CONVERSION = YES;
				CLANG_WARN_OBJC_IMPLICIT_RETAIN_SELF = YES;
				CLANG_WARN_OBJC_LITERAL_CONVERSION = YES;
				CLANG_WARN_OBJC_ROOT_CLASS = YES_ERROR;
				CLANG_WARN_RANGE_LOOP_ANALYSIS = YES;
				CLANG_WARN_STRICT_PROTOTYPES = YES;
				CLANG_WARN_SUSPICIOUS_MOVE = YES;
				CLANG_WARN_UNGUARDED_AVAILABILITY = YES_AGGRESSIVE;
				CLANG_WARN_UNREACHABLE_CODE = YES;
				CLANG_WARN__DUPLICATE_METHOD_MATCH = YES;
				CODE_SIGN_IDENTITY = "iPhone Developer";
				COPY_PHASE_STRIP = NO;
				DEBUG_INFORMATION_FORMAT = "dwarf-with-dsym";
				ENABLE_NS_ASSERTIONS = NO;
				ENABLE_STRICT_OBJC_MSGSEND = YES;
				GCC_C_LANGUAGE_STANDARD = gnu11;
				GCC_NO_COMMON_BLOCKS = YES;
				GCC_WARN_64_TO_32_BIT_CONVERSION = YES;
				GCC_WARN_ABOUT_RETURN_TYPE = YES_ERROR;
				GCC_WARN_UNDECLARED_SELECTOR = YES;
				GCC_WARN_UNINITIALIZED_AUTOS = YES_AGGRESSIVE;
				GCC_WARN_UNUSED_FUNCTION = YES;
				GCC_WARN_UNUSED_VARIABLE = YES;
				IPHONEOS_DEPLOYMENT_TARGET = 12.0;
				MTL_ENABLE_DEBUG_INFO = NO;
				MTL_FAST_MATH = YES;
				SDKROOT = iphoneos;
				SWIFT_COMPILATION_MODE = wholemodule;
				SWIFT_OPTIMIZATION_LEVEL = "-O";
				VALIDATE_PRODUCT = YES;
			};
			name = Release;
		};
		5B1F829F218849DA00FFE07D /* Debug */ = {
			isa = XCBuildConfiguration;
			buildSettings = {
				ASSETCATALOG_COMPILER_APPICON_NAME = AppIcon;
				CODE_SIGN_STYLE = Automatic;
				DEVELOPMENT_TEAM = N9J69K4A53;
				INFOPLIST_FILE = "$(SRCROOT)/Movies/Resources/Info.plist";
				LD_RUNPATH_SEARCH_PATHS = (
					"$(inherited)",
					"@executable_path/Frameworks",
				);
				PRODUCT_BUNDLE_IDENTIFIER = com.geniusappz.Movies;
				PRODUCT_NAME = "$(TARGET_NAME)";
				SWIFT_VERSION = 4.2;
				TARGETED_DEVICE_FAMILY = "1,2";
			};
			name = Debug;
		};
		5B1F82A0218849DA00FFE07D /* Release */ = {
			isa = XCBuildConfiguration;
			buildSettings = {
				ASSETCATALOG_COMPILER_APPICON_NAME = AppIcon;
				CODE_SIGN_STYLE = Automatic;
				DEVELOPMENT_TEAM = N9J69K4A53;
				INFOPLIST_FILE = "$(SRCROOT)/Movies/Resources/Info.plist";
				LD_RUNPATH_SEARCH_PATHS = (
					"$(inherited)",
					"@executable_path/Frameworks",
				);
				PRODUCT_BUNDLE_IDENTIFIER = com.geniusappz.Movies;
				PRODUCT_NAME = "$(TARGET_NAME)";
				SWIFT_VERSION = 4.2;
				TARGETED_DEVICE_FAMILY = "1,2";
			};
			name = Release;
		};
/* End XCBuildConfiguration section */

/* Begin XCConfigurationList section */
		5B1F8287218849D800FFE07D /* Build configuration list for PBXProject "Movies" */ = {
			isa = XCConfigurationList;
			buildConfigurations = (
				5B1F829C218849DA00FFE07D /* Debug */,
				5B1F829D218849DA00FFE07D /* Release */,
			);
			defaultConfigurationIsVisible = 0;
			defaultConfigurationName = Release;
		};
		5B1F829E218849DA00FFE07D /* Build configuration list for PBXNativeTarget "Movies" */ = {
			isa = XCConfigurationList;
			buildConfigurations = (
				5B1F829F218849DA00FFE07D /* Debug */,
				5B1F82A0218849DA00FFE07D /* Release */,
			);
			defaultConfigurationIsVisible = 0;
			defaultConfigurationName = Release;
		};
/* End XCConfigurationList section */
	};
	rootObject = 5B1F8284218849D800FFE07D /* Project object */;
}
